{
    "_readme": [
        "This file locks the dependencies of your project to a known state",
        "Read more about it at https://getcomposer.org/doc/01-basic-usage.md#composer-lock-the-lock-file",
        "This file is @generated automatically"
    ],
    "hash": "775bfc06ab314c3cfa42012cbf8ca892",
    "content-hash": "fd45f5279048cf666620738368d7db30",
    "packages": [],
    "packages-dev": [],
    "aliases": [],
    "minimum-stability": "dev",
    "stability-flags": [],
    "prefer-stable": false,
    "prefer-lowest": false,
    "platform": {
        "php": ">=5.5",
        "ext-intl": "1.*",
        "ext-pdo_mysql": "1.*"
    },
    "platform-dev": []
}
